{
  "version": 4,
  "terraform_version": "1.12.2",
  "serial": 95,
  "lineage": "f8f95918-f51a-5f7e-5e3e-b9835688a187",
  "outputs": {},
  "resources": [
    {
      "mode": "data",
      "type": "aws_caller_identity",
      "name": "me",
      "provider": "provider[\"registry.terraform.io/hashicorp/aws\"]",
      "instances": [
        {
          "schema_version": 0,
          "attributes": {
            "account_id": "378898678389",
            "arn": "arn:aws:iam::378898678389:user/gchq-demo-user",
            "id": "378898678389",
            "user_id": "AIDAVQOA7AJ2YDUJNN3UV"
          },
          "sensitive_attributes": [],
          "identity_schema_version": 0
        }
      ]
    },
    {
      "mode": "data",
      "type": "aws_cloudwatch_event_bus",
      "name": "auth0_bus",
      "provider": "provider[\"registry.terraform.io/hashicorp/aws\"]",
      "instances": [
        {
          "schema_version": 0,
          "attributes": {
            "arn": "arn:aws:events:eu-west-2:378898678389:event-bus/aws.partner/auth0.com/dev-13zvx8spf52ydvnk-9e4aaad4-293a-4410-bf58-06092e009540/auth0.logs",
            "dead_letter_config": [],
            "description": "",
            "id": "aws.partner/auth0.com/dev-13zvx8spf52ydvnk-9e4aaad4-293a-4410-bf58-06092e009540/auth0.logs",
            "kms_key_identifier": "",
            "name": "aws.partner/auth0.com/dev-13zvx8spf52ydvnk-9e4aaad4-293a-4410-bf58-06092e009540/auth0.logs",
            "region": "eu-west-2"
          },
          "sensitive_attributes": [],
          "identity_schema_version": 0
        }
      ]
    },
    {
      "mode": "managed",
      "type": "aws_cloudwatch_event_rule",
      "name": "auth0_failed_logins",
      "provider": "provider[\"registry.terraform.io/hashicorp/aws\"]",
      "instances": [
        {
          "schema_version": 1,
          "attributes": {
            "arn": "arn:aws:events:eu-west-2:378898678389:rule/aws.partner/auth0.com/dev-13zvx8spf52ydvnk-9e4aaad4-293a-4410-bf58-06092e009540/auth0.logs/auth0-failed-logins",
            "description": "",
            "event_bus_name": "aws.partner/auth0.com/dev-13zvx8spf52ydvnk-9e4aaad4-293a-4410-bf58-06092e009540/auth0.logs",
            "event_pattern": "{\"detail\":{\"type\":[\"f\",\"limit_violation\"]},\"detail-type\":[\"Auth0 log\"],\"source\":[\"aws.partner/auth0.com/dev-13zvx8spf52ydvnk-9e4aaad4-293a-4410-bf58-06092e009540/auth0.logs\"]}",
            "force_destroy": false,
            "id": "aws.partner/auth0.com/dev-13zvx8spf52ydvnk-9e4aaad4-293a-4410-bf58-06092e009540/auth0.logs/auth0-failed-logins",
            "is_enabled": true,
            "name": "auth0-failed-logins",
            "name_prefix": "",
            "region": "eu-west-2",
            "role_arn": "",
            "schedule_expression": "",
            "state": "ENABLED",
            "tags": {},
            "tags_all": {}
          },
          "sensitive_attributes": [],
          "identity_schema_version": 0,
          "private": "eyJzY2hlbWFfdmVyc2lvbiI6IjEifQ==",
          "dependencies": [
            "data.aws_cloudwatch_event_bus.auth0_bus"
          ]
        }
      ]
    },
    {
      "mode": "managed",
      "type": "aws_cloudwatch_event_target",
      "name": "auth0_to_logs",
      "provider": "provider[\"registry.terraform.io/hashicorp/aws\"]",
      "instances": [
        {
          "schema_version": 1,
          "attributes": {
            "appsync_target": [],
            "arn": "arn:aws:logs:eu-west-2:378898678389:log-group:/ecs/gchq-demo",
            "batch_target": [],
            "dead_letter_config": [],
            "ecs_target": [],
            "event_bus_name": "aws.partner/auth0.com/dev-13zvx8spf52ydvnk-9e4aaad4-293a-4410-bf58-06092e009540/auth0.logs",
            "force_destroy": false,
            "http_target": [],
            "id": "aws.partner/auth0.com/dev-13zvx8spf52ydvnk-9e4aaad4-293a-4410-bf58-06092e009540/auth0.logs-auth0-failed-logins-CWLogs",
            "input": "",
            "input_path": "",
            "input_transformer": [],
            "kinesis_target": [],
            "redshift_target": [],
            "region": "eu-west-2",
            "retry_policy": [],
            "role_arn": "",
            "rule": "auth0-failed-logins",
            "run_command_targets": [],
            "sagemaker_pipeline_target": [],
            "sqs_target": [],
            "target_id": "CWLogs"
          },
          "sensitive_attributes": [],
          "identity_schema_version": 0,
          "private": "eyJzY2hlbWFfdmVyc2lvbiI6IjEifQ==",
          "dependencies": [
            "aws_cloudwatch_event_rule.auth0_failed_logins",
            "aws_cloudwatch_log_group.app_logs",
            "data.aws_cloudwatch_event_bus.auth0_bus"
          ]
        }
      ]
    },
    {
      "mode": "managed",
      "type": "aws_cloudwatch_log_group",
      "name": "app_logs",
      "provider": "provider[\"registry.terraform.io/hashicorp/aws\"]",
      "instances": [
        {
          "schema_version": 0,
          "attributes": {
            "arn": "arn:aws:logs:eu-west-2:378898678389:log-group:/ecs/gchq-demo",
            "id": "/ecs/gchq-demo",
            "kms_key_id": "",
            "log_group_class": "STANDARD",
            "name": "/ecs/gchq-demo",
            "name_prefix": "",
            "region": "eu-west-2",
            "retention_in_days": 7,
            "skip_destroy": false,
            "tags": {},
            "tags_all": {}
          },
          "sensitive_attributes": [],
          "identity_schema_version": 0,
          "private": "bnVsbA=="
        }
      ]
    },
    {
      "mode": "managed",
      "type": "aws_cloudwatch_log_metric_filter",
      "name": "app_failed_login_filter",
      "provider": "provider[\"registry.terraform.io/hashicorp/aws\"]",
      "instances": [
        {
          "schema_version": 0,
          "attributes": {
            "id": "app-login-failed-filter",
            "log_group_name": "/ecs/gchq-demo",
            "metric_transformation": [
              {
                "default_value": "",
                "dimensions": null,
                "name": "AppLoginFailedCount",
                "namespace": "gchq-demo",
                "unit": "None",
                "value": "1"
              }
            ],
            "name": "app-login-failed-filter",
            "pattern": "LOGIN_FAILED",
            "region": "eu-west-2"
          },
          "sensitive_attributes": [],
          "identity_schema_version": 0,
          "private": "bnVsbA==",
          "dependencies": [
            "aws_cloudwatch_log_group.app_logs"
          ]
        }
      ]
    },
    {
      "mode": "managed",
      "type": "aws_cloudwatch_log_metric_filter",
      "name": "auth0_failed_filter",
      "provider": "provider[\"registry.terraform.io/hashicorp/aws\"]",
      "instances": [
        {
          "schema_version": 0,
          "attributes": {
            "id": "auth0-failed-login-filter",
            "log_group_name": "/ecs/gchq-demo",
            "metric_transformation": [
              {
                "default_value": "",
                "dimensions": null,
                "name": "Auth0FailedLoginCount",
                "namespace": "gchq-demo",
                "unit": "None",
                "value": "1"
              }
            ],
            "name": "auth0-failed-login-filter",
            "pattern": "{ $.detail.type = \"f\" || $.detail.type = \"limit_violation\" }",
            "region": "eu-west-2"
          },
          "sensitive_attributes": [],
          "identity_schema_version": 0,
          "private": "bnVsbA==",
          "dependencies": [
            "aws_cloudwatch_log_group.app_logs"
          ]
        }
      ]
    },
    {
      "mode": "managed",
      "type": "aws_cloudwatch_log_metric_filter",
      "name": "login_attempt_filter",
      "provider": "provider[\"registry.terraform.io/hashicorp/aws\"]",
      "instances": [
        {
          "schema_version": 0,
          "attributes": {
            "id": "gchq-demo-login-attempt-filter",
            "log_group_name": "/ecs/gchq-demo",
            "metric_transformation": [
              {
                "default_value": "",
                "dimensions": {},
                "name": "LoginAttemptCount",
                "namespace": "gchq-demo",
                "unit": "None",
                "value": "1"
              }
            ],
            "name": "gchq-demo-login-attempt-filter",
            "pattern": "LOGIN_ATTEMPT",
            "region": "eu-west-2"
          },
          "sensitive_attributes": [],
          "identity_schema_version": 0,
          "private": "bnVsbA==",
          "dependencies": [
            "aws_cloudwatch_log_group.app_logs"
          ]
        }
      ]
    },
    {
      "mode": "managed",
      "type": "aws_cloudwatch_log_resource_policy",
      "name": "allow_eventbridge",
      "provider": "provider[\"registry.terraform.io/hashicorp/aws\"]",
      "instances": [
        {
          "schema_version": 0,
          "attributes": {
            "id": "EventBridgeToLogs",
            "policy_document": "{\"Statement\":[{\"Action\":\"logs:PutLogEvents\",\"Effect\":\"Allow\",\"Principal\":{\"Service\":\"events.amazonaws.com\"},\"Resource\":\"arn:aws:logs:eu-west-2:378898678389:log-group:/ecs/gchq-demo:*\"}],\"Version\":\"2012-10-17\"}",
            "policy_name": "EventBridgeToLogs",
            "region": "eu-west-2"
          },
          "sensitive_attributes": [],
          "identity_schema_version": 0,
          "private": "bnVsbA==",
          "dependencies": [
            "aws_cloudwatch_log_group.app_logs"
          ]
        }
      ]
    },
    {
      "mode": "managed",
      "type": "aws_cloudwatch_metric_alarm",
      "name": "app_failed_login_alarm",
      "provider": "provider[\"registry.terraform.io/hashicorp/aws\"]",
      "instances": [
        {
          "schema_version": 1,
          "attributes": {
            "actions_enabled": false,
            "alarm_actions": null,
            "alarm_description": "Triggers if ≥2 failed app logins in 5 mins",
            "alarm_name": "app-login-failed-alarm",
            "arn": "arn:aws:cloudwatch:eu-west-2:378898678389:alarm:app-login-failed-alarm",
            "comparison_operator": "GreaterThanOrEqualToThreshold",
            "datapoints_to_alarm": 0,
            "dimensions": null,
            "evaluate_low_sample_count_percentiles": "",
            "evaluation_periods": 1,
            "extended_statistic": "",
            "id": "app-login-failed-alarm",
            "insufficient_data_actions": null,
            "metric_name": "AppLoginFailedCount",
            "metric_query": [],
            "namespace": "gchq-demo",
            "ok_actions": null,
            "period": 300,
            "region": "eu-west-2",
            "statistic": "Sum",
            "tags": null,
            "tags_all": {},
            "threshold": 2,
            "threshold_metric_id": "",
            "treat_missing_data": "missing",
            "unit": ""
          },
          "sensitive_attributes": [],
          "identity_schema_version": 0,
          "private": "eyJzY2hlbWFfdmVyc2lvbiI6IjEifQ==",
          "dependencies": [
            "aws_cloudwatch_log_group.app_logs",
            "aws_cloudwatch_log_metric_filter.app_failed_login_filter"
          ]
        }
      ]
    },
    {
      "mode": "managed",
      "type": "aws_cloudwatch_metric_alarm",
      "name": "auth0_failed_alarm",
      "provider": "provider[\"registry.terraform.io/hashicorp/aws\"]",
      "instances": [
        {
          "schema_version": 1,
          "attributes": {
            "actions_enabled": false,
            "alarm_actions": [],
            "alarm_description": "Triggers if ≥2 failed Auth0 logins in 5 mins",
            "alarm_name": "auth0-failed-login-alarm",
            "arn": "arn:aws:cloudwatch:eu-west-2:378898678389:alarm:auth0-failed-login-alarm",
            "comparison_operator": "GreaterThanOrEqualToThreshold",
            "datapoints_to_alarm": 0,
            "dimensions": {},
            "evaluate_low_sample_count_percentiles": "",
            "evaluation_periods": 1,
            "extended_statistic": "",
            "id": "auth0-failed-login-alarm",
            "insufficient_data_actions": [],
            "metric_name": "Auth0FailedLoginCount",
            "metric_query": [],
            "namespace": "gchq-demo",
            "ok_actions": [],
            "period": 300,
            "region": "eu-west-2",
            "statistic": "Sum",
            "tags": {},
            "tags_all": {},
            "threshold": 2,
            "threshold_metric_id": "",
            "treat_missing_data": "missing",
            "unit": ""
          },
          "sensitive_attributes": [],
          "identity_schema_version": 0,
          "private": "eyJzY2hlbWFfdmVyc2lvbiI6IjEifQ==",
          "dependencies": [
            "aws_cloudwatch_log_group.app_logs",
            "aws_cloudwatch_log_metric_filter.auth0_failed_filter"
          ]
        }
      ]
    },
    {
      "mode": "managed",
      "type": "aws_cloudwatch_metric_alarm",
      "name": "login_attempt_alarm",
      "provider": "provider[\"registry.terraform.io/hashicorp/aws\"]",
      "instances": [
        {
          "schema_version": 1,
          "attributes": {
            "actions_enabled": false,
            "alarm_actions": [],
            "alarm_description": "Triggers if ≥2 login attempts in 1 minute",
            "alarm_name": "gchq-demo-login-attempt-alarm",
            "arn": "arn:aws:cloudwatch:eu-west-2:378898678389:alarm:gchq-demo-login-attempt-alarm",
            "comparison_operator": "GreaterThanOrEqualToThreshold",
            "datapoints_to_alarm": 0,
            "dimensions": {},
            "evaluate_low_sample_count_percentiles": "",
            "evaluation_periods": 1,
            "extended_statistic": "",
            "id": "gchq-demo-login-attempt-alarm",
            "insufficient_data_actions": [],
            "metric_name": "LoginAttemptCount",
            "metric_query": [],
            "namespace": "gchq-demo",
            "ok_actions": [],
            "period": 300,
            "region": "eu-west-2",
            "statistic": "Sum",
            "tags": {},
            "tags_all": {},
            "threshold": 2,
            "threshold_metric_id": "",
            "treat_missing_data": "missing",
            "unit": ""
          },
          "sensitive_attributes": [],
          "identity_schema_version": 0,
          "private": "eyJzY2hlbWFfdmVyc2lvbiI6IjEifQ==",
          "dependencies": [
            "aws_cloudwatch_log_group.app_logs",
            "aws_cloudwatch_log_metric_filter.login_attempt_filter"
          ]
        }
      ]
    },
    {
      "mode": "managed",
      "type": "aws_ecs_cluster",
      "name": "main",
      "provider": "provider[\"registry.terraform.io/hashicorp/aws\"]",
      "instances": [
        {
          "schema_version": 0,
          "attributes": {
            "arn": "arn:aws:ecs:eu-west-2:378898678389:cluster/gchq-demo-cluster",
            "configuration": [],
            "id": "arn:aws:ecs:eu-west-2:378898678389:cluster/gchq-demo-cluster",
            "name": "gchq-demo-cluster",
            "region": "eu-west-2",
            "service_connect_defaults": [],
            "setting": [
              {
                "name": "containerInsights",
                "value": "disabled"
              }
            ],
            "tags": {},
            "tags_all": {}
          },
          "sensitive_attributes": [],
          "identity_schema_version": 0,
          "private": "bnVsbA=="
        }
      ]
    },
    {
      "mode": "managed",
      "type": "aws_iam_role_policy_attachment",
      "name": "ecs_task_exec_attach",
      "provider": "provider[\"registry.terraform.io/hashicorp/aws\"]",
      "instances": [
        {
          "schema_version": 0,
          "attributes": {
            "id": "gchq-demo-ecs-task-exec-20250625010658307600000001",
            "policy_arn": "arn:aws:iam::aws:policy/service-role/AmazonECSTaskExecutionRolePolicy",
            "role": "gchq-demo-ecs-task-exec"
          },
          "sensitive_attributes": [],
          "identity_schema_version": 0,
          "private": "bnVsbA==",
          "dependencies": [
            "aws_iam_role.ecs_task_exec"
          ]
        }
      ]
    },
    {
      "mode": "managed",
      "type": "aws_internet_gateway",
      "name": "igw",
      "provider": "provider[\"registry.terraform.io/hashicorp/aws\"]",
      "instances": [
        {
          "schema_version": 0,
          "attributes": {
            "arn": "arn:aws:ec2:eu-west-2:378898678389:internet-gateway/igw-0d4162a783d390d31",
            "id": "igw-0d4162a783d390d31",
            "owner_id": "378898678389",
            "region": "eu-west-2",
            "tags": {
              "Name": "gchq-demo-igw"
            },
            "tags_all": {
              "Name": "gchq-demo-igw"
            },
            "timeouts": null,
            "vpc_id": "vpc-0aefedf6b0c3b5584"
          },
          "sensitive_attributes": [],
          "identity_schema_version": 0,
          "private": "eyJlMmJmYjczMC1lY2FhLTExZTYtOGY4OC0zNDM2M2JjN2M0YzAiOnsiY3JlYXRlIjoxMjAwMDAwMDAwMDAwLCJkZWxldGUiOjEyMDAwMDAwMDAwMDAsInVwZGF0ZSI6MTIwMDAwMDAwMDAwMH19",
          "dependencies": [
            "aws_vpc.main"
          ]
        }
      ]
    },
    {
      "mode": "managed",
      "type": "aws_lb_listener",
      "name": "http",
      "provider": "provider[\"registry.terraform.io/hashicorp/aws\"]",
      "instances": [
        {
          "schema_version": 0,
          "attributes": {
            "alpn_policy": null,
            "arn": "arn:aws:elasticloadbalancing:eu-west-2:378898678389:listener/app/gchq-demo-alb/c19538e4566f9951/403e04e23b9ab3d5",
            "certificate_arn": null,
            "default_action": [
              {
                "authenticate_cognito": [],
                "authenticate_oidc": [],
                "fixed_response": [],
                "forward": [],
                "order": 1,
                "redirect": [],
                "target_group_arn": "arn:aws:elasticloadbalancing:eu-west-2:378898678389:targetgroup/gchq-20250625013852938600000001/fc697aa466c6b92f",
                "type": "forward"
              }
            ],
            "id": "arn:aws:elasticloadbalancing:eu-west-2:378898678389:listener/app/gchq-demo-alb/c19538e4566f9951/403e04e23b9ab3d5",
            "load_balancer_arn": "arn:aws:elasticloadbalancing:eu-west-2:378898678389:loadbalancer/app/gchq-demo-alb/c19538e4566f9951",
            "mutual_authentication": [],
            "port": 80,
            "protocol": "HTTP",
            "region": "eu-west-2",
            "routing_http_request_x_amzn_mtls_clientcert_header_name": null,
            "routing_http_request_x_amzn_mtls_clientcert_issuer_header_name": null,
            "routing_http_request_x_amzn_mtls_clientcert_leaf_header_name": null,
            "routing_http_request_x_amzn_mtls_clientcert_serial_number_header_name": null,
            "routing_http_request_x_amzn_mtls_clientcert_subject_header_name": null,
            "routing_http_request_x_amzn_mtls_clientcert_validity_header_name": null,
            "routing_http_request_x_amzn_tls_cipher_suite_header_name": null,
            "routing_http_request_x_amzn_tls_version_header_name": null,
            "routing_http_response_access_control_allow_credentials_header_value": "",
            "routing_http_response_access_control_allow_headers_header_value": "",
            "routing_http_response_access_control_allow_methods_header_value": "",
            "routing_http_response_access_control_allow_origin_header_value": "",
            "routing_http_response_access_control_expose_headers_header_value": "",
            "routing_http_response_access_control_max_age_header_value": "",
            "routing_http_response_content_security_policy_header_value": "",
            "routing_http_response_server_enabled": true,
            "routing_http_response_strict_transport_security_header_value": "",
            "routing_http_response_x_content_type_options_header_value": "",
            "routing_http_response_x_frame_options_header_value": "",
            "ssl_policy": "",
            "tags": {},
            "tags_all": {},
            "tcp_idle_timeout_seconds": null,
            "timeouts": null
          },
          "sensitive_attributes": [],
          "identity_schema_version": 0,
          "private": "eyJlMmJmYjczMC1lY2FhLTExZTYtOGY4OC0zNDM2M2JjN2M0YzAiOnsiY3JlYXRlIjozMDAwMDAwMDAwMDAsInVwZGF0ZSI6MzAwMDAwMDAwMDAwfX0=",
          "dependencies": [
            "aws_lb.main",
            "aws_lb_target_group.tg",
            "aws_security_group.alb_sg",
            "aws_subnet.public_a",
            "aws_subnet.public_b",
            "aws_vpc.main"
          ]
        }
      ]
    },
    {
      "mode": "managed",
      "type": "aws_lb_target_group",
      "name": "tg",
      "provider": "provider[\"registry.terraform.io/hashicorp/aws\"]",
      "instances": [
        {
          "schema_version": 0,
          "attributes": {
            "arn": "arn:aws:elasticloadbalancing:eu-west-2:378898678389:targetgroup/gchq-20250625013852938600000001/fc697aa466c6b92f",
            "arn_suffix": "targetgroup/gchq-20250625013852938600000001/fc697aa466c6b92f",
            "connection_termination": null,
            "deregistration_delay": "300",
            "health_check": [
              {
                "enabled": true,
                "healthy_threshold": 3,
                "interval": 30,
                "matcher": "200",
                "path": "/health",
                "port": "traffic-port",
                "protocol": "HTTP",
                "timeout": 5,
                "unhealthy_threshold": 3
              }
            ],
            "id": "arn:aws:elasticloadbalancing:eu-west-2:378898678389:targetgroup/gchq-20250625013852938600000001/fc697aa466c6b92f",
            "ip_address_type": "ipv4",
            "lambda_multi_value_headers_enabled": false,
            "load_balancer_arns": [
              "arn:aws:elasticloadbalancing:eu-west-2:378898678389:loadbalancer/app/gchq-demo-alb/c19538e4566f9951"
            ],
            "load_balancing_algorithm_type": "round_robin",
            "load_balancing_anomaly_mitigation": "off",
            "load_balancing_cross_zone_enabled": "use_load_balancer_configuration",
            "name": "gchq-20250625013852938600000001",
            "name_prefix": "gchq-",
            "port": 5000,
            "preserve_client_ip": null,
            "protocol": "HTTP",
            "protocol_version": "HTTP1",
            "proxy_protocol_v2": false,
            "region": "eu-west-2",
            "slow_start": 0,
            "stickiness": [
              {
                "cookie_duration": 86400,
                "cookie_name": "",
                "enabled": false,
                "type": "lb_cookie"
              }
            ],
            "tags": {},
            "tags_all": {},
            "target_failover": [
              {
                "on_deregistration": null,
                "on_unhealthy": null
              }
            ],
            "target_group_health": [
              {
                "dns_failover": [
                  {
                    "minimum_healthy_targets_count": "1",
                    "minimum_healthy_targets_percentage": "off"
                  }
                ],
                "unhealthy_state_routing": [
                  {
                    "minimum_healthy_targets_count": 1,
                    "minimum_healthy_targets_percentage": "off"
                  }
                ]
              }
            ],
            "target_health_state": [
              {
                "enable_unhealthy_connection_termination": null,
                "unhealthy_draining_interval": null
              }
            ],
            "target_type": "ip",
            "vpc_id": "vpc-0aefedf6b0c3b5584"
          },
          "sensitive_attributes": [],
          "identity_schema_version": 0,
          "private": "bnVsbA==",
          "dependencies": [
            "aws_vpc.main"
          ],
          "create_before_destroy": true
        }
      ]
    },
    {
      "mode": "managed",
      "type": "aws_route",
      "name": "default",
      "provider": "provider[\"registry.terraform.io/hashicorp/aws\"]",
      "instances": [
        {
          "schema_version": 0,
          "attributes": {
            "carrier_gateway_id": "",
            "core_network_arn": "",
            "destination_cidr_block": "0.0.0.0/0",
            "destination_ipv6_cidr_block": "",
            "destination_prefix_list_id": "",
            "egress_only_gateway_id": "",
            "gateway_id": "igw-0d4162a783d390d31",
            "id": "r-rtb-05b0b1079463f50491080289494",
            "instance_id": "",
            "instance_owner_id": "",
            "local_gateway_id": "",
            "nat_gateway_id": "",
            "network_interface_id": "",
            "origin": "CreateRoute",
            "region": "eu-west-2",
            "route_table_id": "rtb-05b0b1079463f5049",
            "state": "active",
            "timeouts": null,
            "transit_gateway_id": "",
            "vpc_endpoint_id": "",
            "vpc_peering_connection_id": ""
          },
          "sensitive_attributes": [],
          "identity_schema_version": 0,
          "private": "eyJlMmJmYjczMC1lY2FhLTExZTYtOGY4OC0zNDM2M2JjN2M0YzAiOnsiY3JlYXRlIjozMDAwMDAwMDAwMDAsImRlbGV0ZSI6MzAwMDAwMDAwMDAwLCJ1cGRhdGUiOjEyMDAwMDAwMDAwMH19",
          "dependencies": [
            "aws_internet_gateway.igw",
            "aws_route_table.public",
            "aws_vpc.main"
          ]
        }
      ]
    },
    {
      "mode": "managed",
      "type": "aws_route_table",
      "name": "public",
      "provider": "provider[\"registry.terraform.io/hashicorp/aws\"]",
      "instances": [
        {
          "schema_version": 0,
          "attributes": {
            "arn": "arn:aws:ec2:eu-west-2:378898678389:route-table/rtb-05b0b1079463f5049",
            "id": "rtb-05b0b1079463f5049",
            "owner_id": "378898678389",
            "propagating_vgws": [],
            "region": "eu-west-2",
            "route": [
              {
                "carrier_gateway_id": "",
                "cidr_block": "0.0.0.0/0",
                "core_network_arn": "",
                "destination_prefix_list_id": "",
                "egress_only_gateway_id": "",
                "gateway_id": "igw-0d4162a783d390d31",
                "ipv6_cidr_block": "",
                "local_gateway_id": "",
                "nat_gateway_id": "",
                "network_interface_id": "",
                "transit_gateway_id": "",
                "vpc_endpoint_id": "",
                "vpc_peering_connection_id": ""
              }
            ],
            "tags": {
              "Name": "gchq-demo-public-rt"
            },
            "tags_all": {
              "Name": "gchq-demo-public-rt"
            },
            "timeouts": null,
            "vpc_id": "vpc-0aefedf6b0c3b5584"
          },
          "sensitive_attributes": [],
          "identity_schema_version": 0,
          "private": "eyJlMmJmYjczMC1lY2FhLTExZTYtOGY4OC0zNDM2M2JjN2M0YzAiOnsiY3JlYXRlIjozMDAwMDAwMDAwMDAsImRlbGV0ZSI6MzAwMDAwMDAwMDAwLCJ1cGRhdGUiOjEyMDAwMDAwMDAwMH19",
          "dependencies": [
            "aws_vpc.main"
          ]
        }
      ]
    },
    {
      "mode": "managed",
      "type": "aws_route_table_association",
      "name": "public_a_assoc",
      "provider": "provider[\"registry.terraform.io/hashicorp/aws\"]",
      "instances": [
        {
          "schema_version": 0,
          "attributes": {
            "gateway_id": "",
            "id": "rtbassoc-05bdf5de90f566503",
            "region": "eu-west-2",
            "route_table_id": "rtb-05b0b1079463f5049",
            "subnet_id": "subnet-0b981777a59b06af6",
            "timeouts": null
          },
          "sensitive_attributes": [],
          "identity_schema_version": 0,
          "private": "eyJlMmJmYjczMC1lY2FhLTExZTYtOGY4OC0zNDM2M2JjN2M0YzAiOnsiY3JlYXRlIjozMDAwMDAwMDAwMDAsImRlbGV0ZSI6MzAwMDAwMDAwMDAwLCJ1cGRhdGUiOjEyMDAwMDAwMDAwMH19",
          "dependencies": [
            "aws_route_table.public",
            "aws_subnet.public_a",
            "aws_vpc.main"
          ]
        }
      ]
    },
    {
      "mode": "managed",
      "type": "aws_route_table_association",
      "name": "public_b_assoc",
      "provider": "provider[\"registry.terraform.io/hashicorp/aws\"]",
      "instances": [
        {
          "schema_version": 0,
          "attributes": {
            "gateway_id": "",
            "id": "rtbassoc-0eb6d0c9b44ef00e7",
            "region": "eu-west-2",
            "route_table_id": "rtb-05b0b1079463f5049",
            "subnet_id": "subnet-01ea88d335ec1ccdc",
            "timeouts": null
          },
          "sensitive_attributes": [],
          "identity_schema_version": 0,
          "private": "eyJlMmJmYjczMC1lY2FhLTExZTYtOGY4OC0zNDM2M2JjN2M0YzAiOnsiY3JlYXRlIjozMDAwMDAwMDAwMDAsImRlbGV0ZSI6MzAwMDAwMDAwMDAwLCJ1cGRhdGUiOjEyMDAwMDAwMDAwMH19",
          "dependencies": [
            "aws_route_table.public",
            "aws_subnet.public_b",
            "aws_vpc.main"
          ]
        }
      ]
    },
    {
      "mode": "managed",
      "type": "aws_security_group",
      "name": "alb_sg",
      "provider": "provider[\"registry.terraform.io/hashicorp/aws\"]",
      "instances": [
        {
          "schema_version": 1,
          "attributes": {
            "arn": "arn:aws:ec2:eu-west-2:378898678389:security-group/sg-0ed01997d5ced974f",
            "description": "Managed by Terraform",
            "egress": [
              {
                "cidr_blocks": [
                  "0.0.0.0/0"
                ],
                "description": "",
                "from_port": 0,
                "ipv6_cidr_blocks": [],
                "prefix_list_ids": [],
                "protocol": "-1",
                "security_groups": [],
                "self": false,
                "to_port": 0
              }
            ],
            "id": "sg-0ed01997d5ced974f",
            "ingress": [
              {
                "cidr_blocks": [
                  "0.0.0.0/0"
                ],
                "description": "",
                "from_port": 80,
                "ipv6_cidr_blocks": [],
                "prefix_list_ids": [],
                "protocol": "tcp",
                "security_groups": [],
                "self": false,
                "to_port": 80
              }
            ],
            "name": "gchq-demo-alb-sg",
            "name_prefix": "",
            "owner_id": "378898678389",
            "region": "eu-west-2",
            "revoke_rules_on_delete": false,
            "tags": {},
            "tags_all": {},
            "timeouts": null,
            "vpc_id": "vpc-0aefedf6b0c3b5584"
          },
          "sensitive_attributes": [],
          "identity_schema_version": 0,
          "private": "eyJlMmJmYjczMC1lY2FhLTExZTYtOGY4OC0zNDM2M2JjN2M0YzAiOnsiY3JlYXRlIjo2MDAwMDAwMDAwMDAsImRlbGV0ZSI6OTAwMDAwMDAwMDAwfSwic2NoZW1hX3ZlcnNpb24iOiIxIn0=",
          "dependencies": [
            "aws_vpc.main"
          ]
        }
      ]
    },
    {
      "mode": "managed",
      "type": "aws_security_group",
      "name": "ecs_sg",
      "provider": "provider[\"registry.terraform.io/hashicorp/aws\"]",
      "instances": [
        {
          "schema_version": 1,
          "attributes": {
            "arn": "arn:aws:ec2:eu-west-2:378898678389:security-group/sg-03155979f18199c91",
            "description": "Managed by Terraform",
            "egress": [
              {
                "cidr_blocks": [
                  "0.0.0.0/0"
                ],
                "description": "",
                "from_port": 0,
                "ipv6_cidr_blocks": [],
                "prefix_list_ids": [],
                "protocol": "-1",
                "security_groups": [],
                "self": false,
                "to_port": 0
              }
            ],
            "id": "sg-03155979f18199c91",
            "ingress": [
              {
                "cidr_blocks": [],
                "description": "",
                "from_port": 5000,
                "ipv6_cidr_blocks": [],
                "prefix_list_ids": [],
                "protocol": "tcp",
                "security_groups": [
                  "sg-0ed01997d5ced974f"
                ],
                "self": false,
                "to_port": 5000
              }
            ],
            "name": "gchq-demo-ecs-sg",
            "name_prefix": "",
            "owner_id": "378898678389",
            "region": "eu-west-2",
            "revoke_rules_on_delete": false,
            "tags": {},
            "tags_all": {},
            "timeouts": null,
            "vpc_id": "vpc-0aefedf6b0c3b5584"
          },
          "sensitive_attributes": [],
          "identity_schema_version": 0,
          "private": "eyJlMmJmYjczMC1lY2FhLTExZTYtOGY4OC0zNDM2M2JjN2M0YzAiOnsiY3JlYXRlIjo2MDAwMDAwMDAwMDAsImRlbGV0ZSI6OTAwMDAwMDAwMDAwfSwic2NoZW1hX3ZlcnNpb24iOiIxIn0=",
          "dependencies": [
            "aws_security_group.alb_sg",
            "aws_vpc.main"
          ]
        }
      ]
    },
    {
      "mode": "managed",
      "type": "aws_subnet",
      "name": "public_a",
      "provider": "provider[\"registry.terraform.io/hashicorp/aws\"]",
      "instances": [
        {
          "schema_version": 1,
          "attributes": {
            "arn": "arn:aws:ec2:eu-west-2:378898678389:subnet/subnet-0b981777a59b06af6",
            "assign_ipv6_address_on_creation": false,
            "availability_zone": "eu-west-2a",
            "availability_zone_id": "euw2-az2",
            "cidr_block": "10.0.1.0/24",
            "customer_owned_ipv4_pool": "",
            "enable_dns64": false,
            "enable_lni_at_device_index": 0,
            "enable_resource_name_dns_a_record_on_launch": false,
            "enable_resource_name_dns_aaaa_record_on_launch": false,
            "id": "subnet-0b981777a59b06af6",
            "ipv6_cidr_block": "",
            "ipv6_cidr_block_association_id": "",
            "ipv6_native": false,
            "map_customer_owned_ip_on_launch": false,
            "map_public_ip_on_launch": true,
            "outpost_arn": "",
            "owner_id": "378898678389",
            "private_dns_hostname_type_on_launch": "ip-name",
            "region": "eu-west-2",
            "tags": {
              "Name": "gchq-demo-public-a"
            },
            "tags_all": {
              "Name": "gchq-demo-public-a"
            },
            "timeouts": null,
            "vpc_id": "vpc-0aefedf6b0c3b5584"
          },
          "sensitive_attributes": [],
          "identity_schema_version": 0,
          "private": "eyJlMmJmYjczMC1lY2FhLTExZTYtOGY4OC0zNDM2M2JjN2M0YzAiOnsiY3JlYXRlIjo2MDAwMDAwMDAwMDAsImRlbGV0ZSI6MTIwMDAwMDAwMDAwMH0sInNjaGVtYV92ZXJzaW9uIjoiMSJ9",
          "dependencies": [
            "aws_vpc.main"
          ]
        }
      ]
    },
    {
      "mode": "managed",
      "type": "aws_subnet",
      "name": "public_b",
      "provider": "provider[\"registry.terraform.io/hashicorp/aws\"]",
      "instances": [
        {
          "schema_version": 1,
          "attributes": {
            "arn": "arn:aws:ec2:eu-west-2:378898678389:subnet/subnet-01ea88d335ec1ccdc",
            "assign_ipv6_address_on_creation": false,
            "availability_zone": "eu-west-2b",
            "availability_zone_id": "euw2-az3",
            "cidr_block": "10.0.2.0/24",
            "customer_owned_ipv4_pool": "",
            "enable_dns64": false,
            "enable_lni_at_device_index": 0,
            "enable_resource_name_dns_a_record_on_launch": false,
            "enable_resource_name_dns_aaaa_record_on_launch": false,
            "id": "subnet-01ea88d335ec1ccdc",
            "ipv6_cidr_block": "",
            "ipv6_cidr_block_association_id": "",
            "ipv6_native": false,
            "map_customer_owned_ip_on_launch": false,
            "map_public_ip_on_launch": true,
            "outpost_arn": "",
            "owner_id": "378898678389",
            "private_dns_hostname_type_on_launch": "ip-name",
            "region": "eu-west-2",
            "tags": {
              "Name": "gchq-demo-public-b"
            },
            "tags_all": {
              "Name": "gchq-demo-public-b"
            },
            "timeouts": null,
            "vpc_id": "vpc-0aefedf6b0c3b5584"
          },
          "sensitive_attributes": [],
          "identity_schema_version": 0,
          "private": "eyJlMmJmYjczMC1lY2FhLTExZTYtOGY4OC0zNDM2M2JjN2M0YzAiOnsiY3JlYXRlIjo2MDAwMDAwMDAwMDAsImRlbGV0ZSI6MTIwMDAwMDAwMDAwMH0sInNjaGVtYV92ZXJzaW9uIjoiMSJ9",
          "dependencies": [
            "aws_vpc.main"
          ]
        }
      ]
    },
    {
      "mode": "managed",
      "type": "aws_vpc",
      "name": "main",
      "provider": "provider[\"registry.terraform.io/hashicorp/aws\"]",
      "instances": [
        {
          "schema_version": 1,
          "attributes": {
            "arn": "arn:aws:ec2:eu-west-2:378898678389:vpc/vpc-0aefedf6b0c3b5584",
            "assign_generated_ipv6_cidr_block": false,
            "cidr_block": "10.0.0.0/16",
            "default_network_acl_id": "acl-0b983630e9eca3509",
            "default_route_table_id": "rtb-0f03d8081b3ad50e2",
            "default_security_group_id": "sg-0c9e5ab38f5603359",
            "dhcp_options_id": "dopt-060d3de61bba0c132",
            "enable_dns_hostnames": true,
            "enable_dns_support": true,
            "enable_network_address_usage_metrics": false,
            "id": "vpc-0aefedf6b0c3b5584",
            "instance_tenancy": "default",
            "ipv4_ipam_pool_id": null,
            "ipv4_netmask_length": null,
            "ipv6_association_id": "",
            "ipv6_cidr_block": "",
            "ipv6_cidr_block_network_border_group": "",
            "ipv6_ipam_pool_id": "",
            "ipv6_netmask_length": 0,
            "main_route_table_id": "rtb-0f03d8081b3ad50e2",
            "owner_id": "378898678389",
            "region": "eu-west-2",
            "tags": {
              "Name": "gchq-demo-vpc"
            },
            "tags_all": {
              "Name": "gchq-demo-vpc"
            }
          },
          "sensitive_attributes": [],
          "identity_schema_version": 0,
          "private": "eyJzY2hlbWFfdmVyc2lvbiI6IjEifQ==",
          "create_before_destroy": true
        }
      ]
    }
  ],
  "check_results": null
}
